
Microsoft Visual Studio Solution File, Format Version 12.00
# Visual Studio Version 17
VisualStudioVersion = 17.11.35312.102
MinimumVisualStudioVersion = 10.0.40219.1
Project("{FAE04EC0-301F-11D3-BF4B-00C04F79EFBC}") = "secretsAndEquivalenceTesting", "secretsAndEquivalenceTesting\secretsAndEquivalenceTesting.csproj", "{3736E943-D1ED-42DE-A348-F8F504D0E40F}"
EndProject
Project("{FAE04EC0-301F-11D3-BF4B-00C04F79EFBC}") = "secretAndEquivalenceTesting.Test", "secretAndEquivalenceTesting.Test\secretAndEquivalenceTesting.Test.csproj", "{691D72FD-4722-4D78-97DA-B04056D62859}"
EndProject
Global
	GlobalSection(SolutionConfigurationPlatforms) = preSolution
		Debug|Any CPU = Debug|Any CPU
		Release|Any CPU = Release|Any CPU
	EndGlobalSection
	GlobalSection(ProjectConfigurationPlatforms) = postSolution
		{3736E943-D1ED-42DE-A348-F8F504D0E40F}.Debug|Any CPU.ActiveCfg = Debug|Any CPU
		{3736E943-D1ED-42DE-A348-F8F504D0E40F}.Debug|Any CPU.Build.0 = Debug|Any CPU
		{3736E943-D1ED-42DE-A348-F8F504D0E40F}.Release|Any CPU.ActiveCfg = Release|Any CPU
		{3736E943-D1ED-42DE-A348-F8F504D0E40F}.Release|Any CPU.Build.0 = Release|Any CPU
		{691D72FD-4722-4D78-97DA-B04056D62859}.Debug|Any CPU.ActiveCfg = Debug|Any CPU
		{691D72FD-4722-4D78-97DA-B04056D62859}.Debug|Any CPU.Build.0 = Debug|Any CPU
		{691D72FD-4722-4D78-97DA-B04056D62859}.Release|Any CPU.ActiveCfg = Release|Any CPU
		{691D72FD-4722-4D78-97DA-B04056D62859}.Release|Any CPU.Build.0 = Release|Any CPU
	EndGlobalSection
	GlobalSection(SolutionProperties) = preSolution
		HideSolutionNode = FALSE
	EndGlobalSection
	GlobalSection(ExtensibilityGlobals) = postSolution
		SolutionGuid = {89F6E994-2B4F-4C1C-94FD-F821B4258766}
	EndGlobalSection
EndGlobal
